
Microsoft Visual Studio Solution File, Format Version 12.00
# Visual Studio Version 16
VisualStudioVersion = 16.0.30517.126
MinimumVisualStudioVersion = 10.0.40219.1
Project("{FAE04EC0-301F-11D3-BF4B-00C04F79EFBC}") = "AddressBookProblemUsingLinq", "AddressBookProblemUsingLinq\AddressBookProblemUsingLinq.csproj", "{1646BC5A-9446-4613-9699-57E7370103AA}"
EndProject
Global
	GlobalSection(SolutionConfigurationPlatforms) = preSolution
		Debug|Any CPU = Debug|Any CPU
		Release|Any CPU = Release|Any CPU
	EndGlobalSection
	GlobalSection(ProjectConfigurationPlatforms) = postSolution
		{1646BC5A-9446-4613-9699-57E7370103AA}.Debug|Any CPU.ActiveCfg = Debug|Any CPU
		{1646BC5A-9446-4613-9699-57E7370103AA}.Debug|Any CPU.Build.0 = Debug|Any CPU
		{1646BC5A-9446-4613-9699-57E7370103AA}.Release|Any CPU.ActiveCfg = Release|Any CPU
		{1646BC5A-9446-4613-9699-57E7370103AA}.Release|Any CPU.Build.0 = Release|Any CPU
	EndGlobalSection
	GlobalSection(SolutionProperties) = preSolution
		HideSolutionNode = FALSE
	EndGlobalSection
	GlobalSection(ExtensibilityGlobals) = postSolution
		SolutionGuid = {E5704207-4122-40BE-B63F-C52FC26D25A5}
	EndGlobalSection
EndGlobal
